{
    "name": "ripper",
    "version": "0.0.1",
    "lockfileVersion": 1,
    "requires": true,
    "dependencies": {
        "@types/node": {
            "version": "10.17.54",
            "resolved": "https://registry.npmjs.org/@types/node/-/node-10.17.54.tgz",
            "integrity": "sha512-c8Lm7+hXdSPmWH4B9z/P/xIXhFK3mCQin4yCYMd2p1qpMG5AfgyJuYZ+3q2dT7qLiMMMGMd5dnkFpdqJARlvtQ==",
            "dev": true
        },
        "typescript": {
            "version": "4.1.5",
            "resolved": "https://registry.npmjs.org/typescript/-/typescript-4.1.5.tgz",
            "integrity": "sha512-6OSu9PTIzmn9TCDiovULTnET6BgXtDYL4Gg4szY+cGsc3JP1dQL8qvE8kShTRx1NIw4Q9IBHlwODjkjWEtMUyA==",
            "dev": true
        }
    }
}
